
Microsoft Visual Studio Solution File, Format Version 12.00
# Visual Studio Version 16
VisualStudioVersion = 16.0.29102.190
MinimumVisualStudioVersion = 10.0.40219.1
Project("{FAE04EC0-301F-11D3-BF4B-00C04F79EFBC}") = "my_geometry", "my_geometry.csproj", "{E805AD3B-795B-4694-8AD1-CE09118C8F58}"
EndProject
Project("{FAE04EC0-301F-11D3-BF4B-00C04F79EFBC}") = "my", "..\my\my.csproj", "{689AC427-7DBA-4097-964B-2C54D1FA6F3E}"
EndProject
Project("{FAE04EC0-301F-11D3-BF4B-00C04F79EFBC}") = "my_exdcontrols", "..\my_exdcontrols\my_exdcontrols.csproj", "{CF2221BF-B515-4904-8083-76FF2C7C15DB}"
EndProject
Project("{FAE04EC0-301F-11D3-BF4B-00C04F79EFBC}") = "my_maths2", "..\my_maths2\my_maths2.csproj", "{F2ABDEDB-4201-4227-890C-50523AD2F75A}"
EndProject
Project("{FAE04EC0-301F-11D3-BF4B-00C04F79EFBC}") = "my_imagefunctions", "..\my_imagefunctions\my_imagefunctions.csproj", "{A1AC8F26-39E7-407A-80B6-D84C0751E04F}"
EndProject
Global
	GlobalSection(SolutionConfigurationPlatforms) = preSolution
		Debug|Any CPU = Debug|Any CPU
		Release|Any CPU = Release|Any CPU
	EndGlobalSection
	GlobalSection(ProjectConfigurationPlatforms) = postSolution
		{E805AD3B-795B-4694-8AD1-CE09118C8F58}.Debug|Any CPU.ActiveCfg = Debug|Any CPU
		{E805AD3B-795B-4694-8AD1-CE09118C8F58}.Debug|Any CPU.Build.0 = Debug|Any CPU
		{E805AD3B-795B-4694-8AD1-CE09118C8F58}.Release|Any CPU.ActiveCfg = Release|Any CPU
		{E805AD3B-795B-4694-8AD1-CE09118C8F58}.Release|Any CPU.Build.0 = Release|Any CPU
		{689AC427-7DBA-4097-964B-2C54D1FA6F3E}.Debug|Any CPU.ActiveCfg = Debug|Any CPU
		{689AC427-7DBA-4097-964B-2C54D1FA6F3E}.Debug|Any CPU.Build.0 = Debug|Any CPU
		{689AC427-7DBA-4097-964B-2C54D1FA6F3E}.Release|Any CPU.ActiveCfg = Release|Any CPU
		{689AC427-7DBA-4097-964B-2C54D1FA6F3E}.Release|Any CPU.Build.0 = Release|Any CPU
		{CF2221BF-B515-4904-8083-76FF2C7C15DB}.Debug|Any CPU.ActiveCfg = Debug|Any CPU
		{CF2221BF-B515-4904-8083-76FF2C7C15DB}.Debug|Any CPU.Build.0 = Debug|Any CPU
		{CF2221BF-B515-4904-8083-76FF2C7C15DB}.Release|Any CPU.ActiveCfg = Release|Any CPU
		{CF2221BF-B515-4904-8083-76FF2C7C15DB}.Release|Any CPU.Build.0 = Release|Any CPU
		{F2ABDEDB-4201-4227-890C-50523AD2F75A}.Debug|Any CPU.ActiveCfg = Debug|Any CPU
		{F2ABDEDB-4201-4227-890C-50523AD2F75A}.Debug|Any CPU.Build.0 = Debug|Any CPU
		{F2ABDEDB-4201-4227-890C-50523AD2F75A}.Release|Any CPU.ActiveCfg = Release|Any CPU
		{F2ABDEDB-4201-4227-890C-50523AD2F75A}.Release|Any CPU.Build.0 = Release|Any CPU
		{A1AC8F26-39E7-407A-80B6-D84C0751E04F}.Debug|Any CPU.ActiveCfg = Debug|Any CPU
		{A1AC8F26-39E7-407A-80B6-D84C0751E04F}.Debug|Any CPU.Build.0 = Debug|Any CPU
		{A1AC8F26-39E7-407A-80B6-D84C0751E04F}.Release|Any CPU.ActiveCfg = Release|Any CPU
		{A1AC8F26-39E7-407A-80B6-D84C0751E04F}.Release|Any CPU.Build.0 = Release|Any CPU
	EndGlobalSection
	GlobalSection(SolutionProperties) = preSolution
		HideSolutionNode = FALSE
	EndGlobalSection
	GlobalSection(ExtensibilityGlobals) = postSolution
		SolutionGuid = {B4748657-024A-40FC-BF22-74658C7BF98B}
	EndGlobalSection
EndGlobal
